
Microsoft Visual Studio Solution File, Format Version 10.00
# Visual Studio 2008
Project("{8BC9CEB8-8B4A-11D0-8D11-00A0C91BC942}") = "TrueSight", "TrueSight\TrueSight.vcproj", "{AA3A7004-C131-46E5-8040-15B694761E3E}"
EndProject
Project("{8BC9CEB8-8B4A-11D0-8D11-00A0C91BC942}") = "TestLibs", "TestLibs\TestLibs.vcproj", "{0BEEC489-3084-44D0-8FB2-1C5F320B49EE}"
	ProjectSection(ProjectDependencies) = postProject
		{AA3A7004-C131-46E5-8040-15B694761E3E} = {AA3A7004-C131-46E5-8040-15B694761E3E}
	EndProjectSection
EndProject
Global
	GlobalSection(SolutionConfigurationPlatforms) = preSolution
		Debug|Win32 = Debug|Win32
		Release|Win32 = Release|Win32
	EndGlobalSection
	GlobalSection(ProjectConfigurationPlatforms) = postSolution
		{AA3A7004-C131-46E5-8040-15B694761E3E}.Debug|Win32.ActiveCfg = Debug|Win32
		{AA3A7004-C131-46E5-8040-15B694761E3E}.Debug|Win32.Build.0 = Debug|Win32
		{AA3A7004-C131-46E5-8040-15B694761E3E}.Release|Win32.ActiveCfg = Release|Win32
		{AA3A7004-C131-46E5-8040-15B694761E3E}.Release|Win32.Build.0 = Release|Win32
		{0BEEC489-3084-44D0-8FB2-1C5F320B49EE}.Debug|Win32.ActiveCfg = Debug|Win32
		{0BEEC489-3084-44D0-8FB2-1C5F320B49EE}.Debug|Win32.Build.0 = Debug|Win32
		{0BEEC489-3084-44D0-8FB2-1C5F320B49EE}.Release|Win32.ActiveCfg = Release|Win32
		{0BEEC489-3084-44D0-8FB2-1C5F320B49EE}.Release|Win32.Build.0 = Release|Win32
	EndGlobalSection
	GlobalSection(SolutionProperties) = preSolution
		HideSolutionNode = FALSE
	EndGlobalSection
EndGlobal
